
Microsoft Visual Studio Solution File, Format Version 12.00
# Visual Studio Version 17
VisualStudioVersion = 17.3.32819.101
MinimumVisualStudioVersion = 10.0.40219.1
Project("{FAE04EC0-301F-11D3-BF4B-00C04F79EFBC}") = "Parallax", "Parallax\Parallax.csproj", "{30FA45CE-318D-4682-AF50-E835650A83EF}"
EndProject
Global
	GlobalSection(SolutionConfigurationPlatforms) = preSolution
		Debug|Any CPU = Debug|Any CPU
		Release|Any CPU = Release|Any CPU
	EndGlobalSection
	GlobalSection(ProjectConfigurationPlatforms) = postSolution
		{30FA45CE-318D-4682-AF50-E835650A83EF}.Debug|Any CPU.ActiveCfg = Debug|Any CPU
		{30FA45CE-318D-4682-AF50-E835650A83EF}.Debug|Any CPU.Build.0 = Debug|Any CPU
		{30FA45CE-318D-4682-AF50-E835650A83EF}.Release|Any CPU.ActiveCfg = Release|Any CPU
		{30FA45CE-318D-4682-AF50-E835650A83EF}.Release|Any CPU.Build.0 = Release|Any CPU
	EndGlobalSection
	GlobalSection(SolutionProperties) = preSolution
		HideSolutionNode = FALSE
	EndGlobalSection
	GlobalSection(ExtensibilityGlobals) = postSolution
		SolutionGuid = {7DAFEE89-CDD4-45F2-8788-EF8E75FD53E3}
	EndGlobalSection
EndGlobal
